{
  "name": "test",
  "version": "1.0.0",
  "lockfileVersion": 1,
  "requires": true,
  "dependencies": {
    "miniprogram-mixin": {
      "version": "1.0.6",
      "resolved": "https://registry.npmjs.org/miniprogram-mixin/-/miniprogram-mixin-1.0.6.tgz",
      "integrity": "sha512-6uMJOw4awBg68oraiRmgmjr0t1lfRF+kudTDtaSPeWSfm8eXolzf4IjAop4M+0spBL2P/hKj+X6ow2EeI/TVCg=="
    }
  }
}
